
Microsoft Visual Studio Solution File, Format Version 12.00
# Visual Studio 15
VisualStudioVersion = 15.0.27004.2002
MinimumVisualStudioVersion = 10.0.40219.1
Project("{FAE04EC0-301F-11D3-BF4B-00C04F79EFBC}") = "CapaFormularios", "CapaFormularios\CapaFormularios.csproj", "{AC5700B0-B9F6-4747-B89C-7D7CF368506A}"
EndProject
Project("{FAE04EC0-301F-11D3-BF4B-00C04F79EFBC}") = "CapaClases", "CapaClases\CapaClases.csproj", "{20166E92-B5ED-410E-A575-A92FBD996D71}"
EndProject
Project("{FAE04EC0-301F-11D3-BF4B-00C04F79EFBC}") = "CapaDatos", "CapaDatos\CapaDatos.csproj", "{163AF39D-A2B1-464F-818B-2A39E06D7452}"
EndProject
Global
	GlobalSection(SolutionConfigurationPlatforms) = preSolution
		Debug|Any CPU = Debug|Any CPU
		Release|Any CPU = Release|Any CPU
	EndGlobalSection
	GlobalSection(ProjectConfigurationPlatforms) = postSolution
		{AC5700B0-B9F6-4747-B89C-7D7CF368506A}.Debug|Any CPU.ActiveCfg = Debug|Any CPU
		{AC5700B0-B9F6-4747-B89C-7D7CF368506A}.Debug|Any CPU.Build.0 = Debug|Any CPU
		{AC5700B0-B9F6-4747-B89C-7D7CF368506A}.Release|Any CPU.ActiveCfg = Release|Any CPU
		{AC5700B0-B9F6-4747-B89C-7D7CF368506A}.Release|Any CPU.Build.0 = Release|Any CPU
		{20166E92-B5ED-410E-A575-A92FBD996D71}.Debug|Any CPU.ActiveCfg = Debug|Any CPU
		{20166E92-B5ED-410E-A575-A92FBD996D71}.Debug|Any CPU.Build.0 = Debug|Any CPU
		{20166E92-B5ED-410E-A575-A92FBD996D71}.Release|Any CPU.ActiveCfg = Release|Any CPU
		{20166E92-B5ED-410E-A575-A92FBD996D71}.Release|Any CPU.Build.0 = Release|Any CPU
		{163AF39D-A2B1-464F-818B-2A39E06D7452}.Debug|Any CPU.ActiveCfg = Debug|Any CPU
		{163AF39D-A2B1-464F-818B-2A39E06D7452}.Debug|Any CPU.Build.0 = Debug|Any CPU
		{163AF39D-A2B1-464F-818B-2A39E06D7452}.Release|Any CPU.ActiveCfg = Release|Any CPU
		{163AF39D-A2B1-464F-818B-2A39E06D7452}.Release|Any CPU.Build.0 = Release|Any CPU
	EndGlobalSection
	GlobalSection(SolutionProperties) = preSolution
		HideSolutionNode = FALSE
	EndGlobalSection
	GlobalSection(ExtensibilityGlobals) = postSolution
		SolutionGuid = {78DDA497-A7A3-4271-824A-60029A14F667}
	EndGlobalSection
EndGlobal
